
Microsoft Visual Studio Solution File, Format Version 12.00
# Visual Studio 2012
Project("{8BC9CEB8-8B4A-11D0-8D11-00A0C91BC942}") = "SpaceWarServer", "SpaceWarServer\SpaceWarServer.vcxproj", "{2B3912EC-1F2E-4B50-80CD-248CB7A9DE9A}"
	ProjectSection(ProjectDependencies) = postProject
		{D8A7B44E-5D21-4823-9CEB-32D6AD5712C6} = {D8A7B44E-5D21-4823-9CEB-32D6AD5712C6}
		{D0079E97-1BCC-4ECC-B92E-61B60B01BEFB} = {D0079E97-1BCC-4ECC-B92E-61B60B01BEFB}
		{49541CB5-EBAE-4BF9-8D3A-F15007A47E9D} = {49541CB5-EBAE-4BF9-8D3A-F15007A47E9D}
		{1F1CE5E5-37F5-44E3-AC40-7EEDC0E416A2} = {1F1CE5E5-37F5-44E3-AC40-7EEDC0E416A2}
	EndProjectSection
EndProject
Project("{8BC9CEB8-8B4A-11D0-8D11-00A0C91BC942}") = "Common", "common\Common.vcxproj", "{49541CB5-EBAE-4BF9-8D3A-F15007A47E9D}"
EndProject
Project("{8BC9CEB8-8B4A-11D0-8D11-00A0C91BC942}") = "ServerCore", "ServerCore\ServerCore.vcxproj", "{1F1CE5E5-37F5-44E3-AC40-7EEDC0E416A2}"
	ProjectSection(ProjectDependencies) = postProject
		{D8A7B44E-5D21-4823-9CEB-32D6AD5712C6} = {D8A7B44E-5D21-4823-9CEB-32D6AD5712C6}
		{D0079E97-1BCC-4ECC-B92E-61B60B01BEFB} = {D0079E97-1BCC-4ECC-B92E-61B60B01BEFB}
		{49541CB5-EBAE-4BF9-8D3A-F15007A47E9D} = {49541CB5-EBAE-4BF9-8D3A-F15007A47E9D}
	EndProjectSection
EndProject
Project("{8BC9CEB8-8B4A-11D0-8D11-00A0C91BC942}") = "Share", "share\Share.vcxproj", "{D0079E97-1BCC-4ECC-B92E-61B60B01BEFB}"
EndProject
Project("{8BC9CEB8-8B4A-11D0-8D11-00A0C91BC942}") = "NetWork", "netWork\NetWork.vcxproj", "{D8A7B44E-5D21-4823-9CEB-32D6AD5712C6}"
	ProjectSection(ProjectDependencies) = postProject
		{D0079E97-1BCC-4ECC-B92E-61B60B01BEFB} = {D0079E97-1BCC-4ECC-B92E-61B60B01BEFB}
		{49541CB5-EBAE-4BF9-8D3A-F15007A47E9D} = {49541CB5-EBAE-4BF9-8D3A-F15007A47E9D}
	EndProjectSection
EndProject
Global
	GlobalSection(SolutionConfigurationPlatforms) = preSolution
		Debug|Win32 = Debug|Win32
		Release|Win32 = Release|Win32
	EndGlobalSection
	GlobalSection(ProjectConfigurationPlatforms) = postSolution
		{2B3912EC-1F2E-4B50-80CD-248CB7A9DE9A}.Debug|Win32.ActiveCfg = Debug|Win32
		{2B3912EC-1F2E-4B50-80CD-248CB7A9DE9A}.Debug|Win32.Build.0 = Debug|Win32
		{2B3912EC-1F2E-4B50-80CD-248CB7A9DE9A}.Release|Win32.ActiveCfg = Release|Win32
		{2B3912EC-1F2E-4B50-80CD-248CB7A9DE9A}.Release|Win32.Build.0 = Release|Win32
		{49541CB5-EBAE-4BF9-8D3A-F15007A47E9D}.Debug|Win32.ActiveCfg = Debug|Win32
		{49541CB5-EBAE-4BF9-8D3A-F15007A47E9D}.Debug|Win32.Build.0 = Debug|Win32
		{49541CB5-EBAE-4BF9-8D3A-F15007A47E9D}.Release|Win32.ActiveCfg = Release|Win32
		{49541CB5-EBAE-4BF9-8D3A-F15007A47E9D}.Release|Win32.Build.0 = Release|Win32
		{1F1CE5E5-37F5-44E3-AC40-7EEDC0E416A2}.Debug|Win32.ActiveCfg = Debug|Win32
		{1F1CE5E5-37F5-44E3-AC40-7EEDC0E416A2}.Debug|Win32.Build.0 = Debug|Win32
		{1F1CE5E5-37F5-44E3-AC40-7EEDC0E416A2}.Release|Win32.ActiveCfg = Release|Win32
		{1F1CE5E5-37F5-44E3-AC40-7EEDC0E416A2}.Release|Win32.Build.0 = Release|Win32
		{D0079E97-1BCC-4ECC-B92E-61B60B01BEFB}.Debug|Win32.ActiveCfg = Debug|Win32
		{D0079E97-1BCC-4ECC-B92E-61B60B01BEFB}.Debug|Win32.Build.0 = Debug|Win32
		{D0079E97-1BCC-4ECC-B92E-61B60B01BEFB}.Release|Win32.ActiveCfg = Release|Win32
		{D0079E97-1BCC-4ECC-B92E-61B60B01BEFB}.Release|Win32.Build.0 = Release|Win32
		{D8A7B44E-5D21-4823-9CEB-32D6AD5712C6}.Debug|Win32.ActiveCfg = Debug|Win32
		{D8A7B44E-5D21-4823-9CEB-32D6AD5712C6}.Debug|Win32.Build.0 = Debug|Win32
		{D8A7B44E-5D21-4823-9CEB-32D6AD5712C6}.Release|Win32.ActiveCfg = Release|Win32
		{D8A7B44E-5D21-4823-9CEB-32D6AD5712C6}.Release|Win32.Build.0 = Release|Win32
	EndGlobalSection
	GlobalSection(SolutionProperties) = preSolution
		HideSolutionNode = FALSE
	EndGlobalSection
EndGlobal
